
Microsoft Visual Studio Solution File, Format Version 12.00
# Visual Studio Version 17
VisualStudioVersion = 17.7.34221.43
MinimumVisualStudioVersion = 10.0.40219.1
Project("{FAE04EC0-301F-11D3-BF4B-00C04F79EFBC}") = "evip_zh2", "evip_zh2.csproj", "{D50DBE4A-E0A8-4749-AD61-F8DCDB9148FA}"
EndProject
Global
	GlobalSection(SolutionConfigurationPlatforms) = preSolution
		Debug|Any CPU = Debug|Any CPU
		Release|Any CPU = Release|Any CPU
	EndGlobalSection
	GlobalSection(ProjectConfigurationPlatforms) = postSolution
		{D50DBE4A-E0A8-4749-AD61-F8DCDB9148FA}.Debug|Any CPU.ActiveCfg = Debug|Any CPU
		{D50DBE4A-E0A8-4749-AD61-F8DCDB9148FA}.Debug|Any CPU.Build.0 = Debug|Any CPU
		{D50DBE4A-E0A8-4749-AD61-F8DCDB9148FA}.Debug|Any CPU.Deploy.0 = Debug|Any CPU
		{D50DBE4A-E0A8-4749-AD61-F8DCDB9148FA}.Release|Any CPU.ActiveCfg = Release|Any CPU
		{D50DBE4A-E0A8-4749-AD61-F8DCDB9148FA}.Release|Any CPU.Build.0 = Release|Any CPU
		{D50DBE4A-E0A8-4749-AD61-F8DCDB9148FA}.Release|Any CPU.Deploy.0 = Release|Any CPU
	EndGlobalSection
	GlobalSection(SolutionProperties) = preSolution
		HideSolutionNode = FALSE
	EndGlobalSection
	GlobalSection(ExtensibilityGlobals) = postSolution
		SolutionGuid = {640A04EE-71D0-4836-AAD1-1F16A52058D3}
	EndGlobalSection
EndGlobal
